
Microsoft Visual Studio Solution File, Format Version 12.00
# Visual Studio Version 16
VisualStudioVersion = 16.0.33027.164
MinimumVisualStudioVersion = 10.0.40219.1
Project("{FAE04EC0-301F-11D3-BF4B-00C04F79EFBC}") = "Projekt1.Android", "Projekt1\Projekt1.Android\Projekt1.Android.csproj", "{356E3E24-D7CE-45AC-A6CC-7525C61D8AE1}"
EndProject
Project("{FAE04EC0-301F-11D3-BF4B-00C04F79EFBC}") = "Projekt1", "Projekt1\Projekt1\Projekt1.csproj", "{6C8E548D-D8DD-4D55-A52C-934CA3645773}"
EndProject
Global
	GlobalSection(SolutionConfigurationPlatforms) = preSolution
		Debug|Any CPU = Debug|Any CPU
		Release|Any CPU = Release|Any CPU
	EndGlobalSection
	GlobalSection(ProjectConfigurationPlatforms) = postSolution
		{356E3E24-D7CE-45AC-A6CC-7525C61D8AE1}.Debug|Any CPU.ActiveCfg = Debug|Any CPU
		{356E3E24-D7CE-45AC-A6CC-7525C61D8AE1}.Debug|Any CPU.Build.0 = Debug|Any CPU
		{356E3E24-D7CE-45AC-A6CC-7525C61D8AE1}.Debug|Any CPU.Deploy.0 = Debug|Any CPU
		{356E3E24-D7CE-45AC-A6CC-7525C61D8AE1}.Release|Any CPU.ActiveCfg = Release|Any CPU
		{356E3E24-D7CE-45AC-A6CC-7525C61D8AE1}.Release|Any CPU.Build.0 = Release|Any CPU
		{356E3E24-D7CE-45AC-A6CC-7525C61D8AE1}.Release|Any CPU.Deploy.0 = Release|Any CPU
		{6C8E548D-D8DD-4D55-A52C-934CA3645773}.Debug|Any CPU.ActiveCfg = Debug|Any CPU
		{6C8E548D-D8DD-4D55-A52C-934CA3645773}.Debug|Any CPU.Build.0 = Debug|Any CPU
		{6C8E548D-D8DD-4D55-A52C-934CA3645773}.Debug|Any CPU.Deploy.0 = Debug|Any CPU
		{6C8E548D-D8DD-4D55-A52C-934CA3645773}.Release|Any CPU.ActiveCfg = Release|Any CPU
		{6C8E548D-D8DD-4D55-A52C-934CA3645773}.Release|Any CPU.Build.0 = Release|Any CPU
		{6C8E548D-D8DD-4D55-A52C-934CA3645773}.Release|Any CPU.Deploy.0 = Release|Any CPU
	EndGlobalSection
	GlobalSection(SolutionProperties) = preSolution
		HideSolutionNode = FALSE
	EndGlobalSection
	GlobalSection(ExtensibilityGlobals) = postSolution
		SolutionGuid = {F698450C-23B8-4880-B2C9-E3DFC844B8D3}
	EndGlobalSection
EndGlobal
